
Microsoft Visual Studio Solution File, Format Version 12.00
# Visual Studio Version 17
VisualStudioVersion = 17.7.34018.315
MinimumVisualStudioVersion = 10.0.40219.1
Project("{FAE04EC0-301F-11D3-BF4B-00C04F79EFBC}") = "Exercício 3 Dowhile", "Exercício 3 Dowhile.csproj", "{72D140E6-1CBE-4AED-9BE7-F95437597B16}"
EndProject
Global
	GlobalSection(SolutionConfigurationPlatforms) = preSolution
		Debug|Any CPU = Debug|Any CPU
		Release|Any CPU = Release|Any CPU
	EndGlobalSection
	GlobalSection(ProjectConfigurationPlatforms) = postSolution
		{72D140E6-1CBE-4AED-9BE7-F95437597B16}.Debug|Any CPU.ActiveCfg = Debug|Any CPU
		{72D140E6-1CBE-4AED-9BE7-F95437597B16}.Debug|Any CPU.Build.0 = Debug|Any CPU
		{72D140E6-1CBE-4AED-9BE7-F95437597B16}.Release|Any CPU.ActiveCfg = Release|Any CPU
		{72D140E6-1CBE-4AED-9BE7-F95437597B16}.Release|Any CPU.Build.0 = Release|Any CPU
	EndGlobalSection
	GlobalSection(SolutionProperties) = preSolution
		HideSolutionNode = FALSE
	EndGlobalSection
	GlobalSection(ExtensibilityGlobals) = postSolution
		SolutionGuid = {17AD6CD4-FE00-4F49-AABE-78D1A696AC04}
	EndGlobalSection
EndGlobal
