
Microsoft Visual Studio Solution File, Format Version 12.00
# Visual Studio Version 17
VisualStudioVersion = 17.7.34018.315
MinimumVisualStudioVersion = 10.0.40219.1
Project("{FAE04EC0-301F-11D3-BF4B-00C04F79EFBC}") = "Transportes", "Transportes.csproj", "{51EB8C40-B1EA-4920-82EE-AA8B8C90BEF5}"
EndProject
Global
	GlobalSection(SolutionConfigurationPlatforms) = preSolution
		Debug|Any CPU = Debug|Any CPU
		Release|Any CPU = Release|Any CPU
	EndGlobalSection
	GlobalSection(ProjectConfigurationPlatforms) = postSolution
		{51EB8C40-B1EA-4920-82EE-AA8B8C90BEF5}.Debug|Any CPU.ActiveCfg = Debug|Any CPU
		{51EB8C40-B1EA-4920-82EE-AA8B8C90BEF5}.Debug|Any CPU.Build.0 = Debug|Any CPU
		{51EB8C40-B1EA-4920-82EE-AA8B8C90BEF5}.Release|Any CPU.ActiveCfg = Release|Any CPU
		{51EB8C40-B1EA-4920-82EE-AA8B8C90BEF5}.Release|Any CPU.Build.0 = Release|Any CPU
	EndGlobalSection
	GlobalSection(SolutionProperties) = preSolution
		HideSolutionNode = FALSE
	EndGlobalSection
	GlobalSection(ExtensibilityGlobals) = postSolution
		SolutionGuid = {819CA447-4974-4224-A397-8DB8BB1634C7}
	EndGlobalSection
EndGlobal
