
Microsoft Visual Studio Solution File, Format Version 12.00
# Visual Studio Version 17
VisualStudioVersion = 17.7.34018.315
MinimumVisualStudioVersion = 10.0.40219.1
Project("{FAE04EC0-301F-11D3-BF4B-00C04F79EFBC}") = "Exercício Vetores 01", "Exercício Vetores 01.csproj", "{927A8C98-58F6-48CC-8EC3-51C75FC63E6C}"
EndProject
Global
	GlobalSection(SolutionConfigurationPlatforms) = preSolution
		Debug|Any CPU = Debug|Any CPU
		Release|Any CPU = Release|Any CPU
	EndGlobalSection
	GlobalSection(ProjectConfigurationPlatforms) = postSolution
		{927A8C98-58F6-48CC-8EC3-51C75FC63E6C}.Debug|Any CPU.ActiveCfg = Debug|Any CPU
		{927A8C98-58F6-48CC-8EC3-51C75FC63E6C}.Debug|Any CPU.Build.0 = Debug|Any CPU
		{927A8C98-58F6-48CC-8EC3-51C75FC63E6C}.Release|Any CPU.ActiveCfg = Release|Any CPU
		{927A8C98-58F6-48CC-8EC3-51C75FC63E6C}.Release|Any CPU.Build.0 = Release|Any CPU
	EndGlobalSection
	GlobalSection(SolutionProperties) = preSolution
		HideSolutionNode = FALSE
	EndGlobalSection
	GlobalSection(ExtensibilityGlobals) = postSolution
		SolutionGuid = {D09B33BF-54D6-45E9-8ED8-E8538A2C27CB}
	EndGlobalSection
EndGlobal
